// !$*UTF8*$!
{
	archiveVersion = 1;
	classes = {
	};
	objectVersion = 55;
	objects = {

/* Begin PBXBuildFile section */
		42C4EFB8275CDB7D002F6233 /* Book+CoreDataClass.swift in Sources */ = {isa = PBXBuildFile; fileRef = 42C4EFB6275CDB7D002F6233 /* Book+CoreDataClass.swift */; };
		42C4EFB9275CDB7D002F6233 /* Book+CoreDataProperties.swift in Sources */ = {isa = PBXBuildFile; fileRef = 42C4EFB7275CDB7D002F6233 /* Book+CoreDataProperties.swift */; };
		42E20AAF275A084E00837FF1 /* MyBookListApp.swift in Sources */ = {isa = PBXBuildFile; fileRef = 42E20AAE275A084E00837FF1 /* MyBookListApp.swift */; };
		42E20AB1275A084E00837FF1 /* ContentView.swift in Sources */ = {isa = PBXBuildFile; fileRef = 42E20AB0275A084E00837FF1 /* ContentView.swift */; };
		42E20AB3275A084E00837FF1 /* Assets.xcassets in Resources */ = {isa = PBXBuildFile; fileRef = 42E20AB2275A084E00837FF1 /* Assets.xcassets */; };
		42E20AB6275A084E00837FF1 /* Preview Assets.xcassets in Resources */ = {isa = PBXBuildFile; fileRef = 42E20AB5275A084E00837FF1 /* Preview Assets.xcassets */; };
		42E20ABE275A343200837FF1 /* BookList.xcdatamodeld in Sources */ = {isa = PBXBuildFile; fileRef = 42E20ABC275A343200837FF1 /* BookList.xcdatamodeld */; };
		42E20AC0275A34EA00837FF1 /* DataController.swift in Sources */ = {isa = PBXBuildFile; fileRef = 42E20ABF275A34EA00837FF1 /* DataController.swift */; };
		42EDBBCD275B16AA00E9E526 /* AddBookView.swift in Sources */ = {isa = PBXBuildFile; fileRef = 42EDBBCC275B16AA00E9E526 /* AddBookView.swift */; };
		42EDBBCF275B3A4D00E9E526 /* DetailView.swift in Sources */ = {isa = PBXBuildFile; fileRef = 42EDBBCE275B3A4D00E9E526 /* DetailView.swift */; };
		42EDBBD3275B5EB700E9E526 /* RatingView.swift in Sources */ = {isa = PBXBuildFile; fileRef = 42EDBBD2275B5EB700E9E526 /* RatingView.swift */; };
/* End PBXBuildFile section */

/* Begin PBXFileReference section */
		42C4EFB6275CDB7D002F6233 /* Book+CoreDataClass.swift */ = {isa = PBXFileReference; lastKnownFileType = sourcecode.swift; path = "Book+CoreDataClass.swift"; sourceTree = "<group>"; };
		42C4EFB7275CDB7D002F6233 /* Book+CoreDataProperties.swift */ = {isa = PBXFileReference; lastKnownFileType = sourcecode.swift; path = "Book+CoreDataProperties.swift"; sourceTree = "<group>"; };
		42E20AAB275A084E00837FF1 /* MyBookList.app */ = {isa = PBXFileReference; explicitFileType = wrapper.application; includeInIndex = 0; path = MyBookList.app; sourceTree = BUILT_PRODUCTS_DIR; };
		42E20AAE275A084E00837FF1 /* MyBookListApp.swift */ = {isa = PBXFileReference; lastKnownFileType = sourcecode.swift; path = MyBookListApp.swift; sourceTree = "<group>"; };
		42E20AB0275A084E00837FF1 /* ContentView.swift */ = {isa = PBXFileReference; lastKnownFileType = sourcecode.swift; path = ContentView.swift; sourceTree = "<group>"; };
		42E20AB2275A084E00837FF1 /* Assets.xcassets */ = {isa = PBXFileReference; lastKnownFileType = folder.assetcatalog; path = Assets.xcassets; sourceTree = "<group>"; };
		42E20AB5275A084E00837FF1 /* Preview Assets.xcassets */ = {isa = PBXFileReference; lastKnownFileType = folder.assetcatalog; path = "Preview Assets.xcassets"; sourceTree = "<group>"; };
		42E20ABD275A343200837FF1 /* BookList.xcdatamodel */ = {isa = PBXFileReference; lastKnownFileType = wrapper.xcdatamodel; path = BookList.xcdatamodel; sourceTree = "<group>"; };
		42E20ABF275A34EA00837FF1 /* DataController.swift */ = {isa = PBXFileReference; lastKnownFileType = sourcecode.swift; path = DataController.swift; sourceTree = "<group>"; };
		42EDBBCC275B16AA00E9E526 /* AddBookView.swift */ = {isa = PBXFileReference; lastKnownFileType = sourcecode.swift; path = AddBookView.swift; sourceTree = "<group>"; };
		42EDBBCE275B3A4D00E9E526 /* DetailView.swift */ = {isa = PBXFileReference; lastKnownFileType = sourcecode.swift; path = DetailView.swift; sourceTree = "<group>"; };
		42EDBBD2275B5EB700E9E526 /* RatingView.swift */ = {isa = PBXFileReference; lastKnownFileType = sourcecode.swift; path = RatingView.swift; sourceTree = "<group>"; };
/* End PBXFileReference section */

/* Begin PBXFrameworksBuildPhase section */
		42E20AA8275A084E00837FF1 /* Frameworks */ = {
			isa = PBXFrameworksBuildPhase;
			buildActionMask = 2147483647;
			files = (
			);
			runOnlyForDeploymentPostprocessing = 0;
		};
/* End PBXFrameworksBuildPhase section */

/* Begin PBXGroup section */
		42E20AA2275A084E00837FF1 = {
			isa = PBXGroup;
			children = (
				42E20AAD275A084E00837FF1 /* MyBookList */,
				42E20AAC275A084E00837FF1 /* Products */,
			);
			sourceTree = "<group>";
		};
		42E20AAC275A084E00837FF1 /* Products */ = {
			isa = PBXGroup;
			children = (
				42E20AAB275A084E00837FF1 /* MyBookList.app */,
			);
			name = Products;
			sourceTree = "<group>";
		};
		42E20AAD275A084E00837FF1 /* MyBookList */ = {
			isa = PBXGroup;
			children = (
				42C4EFB6275CDB7D002F6233 /* Book+CoreDataClass.swift */,
				42C4EFB7275CDB7D002F6233 /* Book+CoreDataProperties.swift */,
				42E20AAE275A084E00837FF1 /* MyBookListApp.swift */,
				42E20AB0275A084E00837FF1 /* ContentView.swift */,
				42E20AB2275A084E00837FF1 /* Assets.xcassets */,
				42E20AB4275A084E00837FF1 /* Preview Content */,
				42E20ABC275A343200837FF1 /* BookList.xcdatamodeld */,
				42E20ABF275A34EA00837FF1 /* DataController.swift */,
				42EDBBCC275B16AA00E9E526 /* AddBookView.swift */,
				42EDBBCE275B3A4D00E9E526 /* DetailView.swift */,
				42EDBBD2275B5EB700E9E526 /* RatingView.swift */,
			);
			path = MyBookList;
			sourceTree = "<group>";
		};
		42E20AB4275A084E00837FF1 /* Preview Content */ = {
			isa = PBXGroup;
			children = (
				42E20AB5275A084E00837FF1 /* Preview Assets.xcassets */,
			);
			path = "Preview Content";
			sourceTree = "<group>";
		};
/* End PBXGroup section */

/* Begin PBXNativeTarget section */
		42E20AAA275A084E00837FF1 /* MyBookList */ = {
			isa = PBXNativeTarget;
			buildConfigurationList = 42E20AB9275A084E00837FF1 /* Build configuration list for PBXNativeTarget "MyBookList" */;
			buildPhases = (
				42E20AA7275A084E00837FF1 /* Sources */,
				42E20AA8275A084E00837FF1 /* Frameworks */,
				42E20AA9275A084E00837FF1 /* Resources */,
			);
			buildRules = (
			);
			dependencies = (
			);
			name = MyBookList;
			productName = MyBookList;
			productReference = 42E20AAB275A084E00837FF1 /* MyBookList.app */;
			productType = "com.apple.product-type.application";
		};
/* End PBXNativeTarget section */

/* Begin PBXProject section */
		42E20AA3275A084E00837FF1 /* Project object */ = {
			isa = PBXProject;
			attributes = {
				BuildIndependentTargetsInParallel = 1;
				LastSwiftUpdateCheck = 1310;
				LastUpgradeCheck = 1310;
				TargetAttributes = {
					42E20AAA275A084E00837FF1 = {
						CreatedOnToolsVersion = 13.1;
					};
				};
			};
			buildConfigurationList = 42E20AA6275A084E00837FF1 /* Build configuration list for PBXProject "MyBookList" */;
			compatibilityVersion = "Xcode 13.0";
			developmentRegion = en;
			hasScannedForEncodings = 0;
			knownRegions = (
				en,
				Base,
			);
			mainGroup = 42E20AA2275A084E00837FF1;
			productRefGroup = 42E20AAC275A084E00837FF1 /* Products */;
			projectDirPath = "";
			projectRoot = "";
			targets = (
				42E20AAA275A084E00837FF1 /* MyBookList */,
			);
		};
/* End PBXProject section */

/* Begin PBXResourcesBuildPhase section */
		42E20AA9275A084E00837FF1 /* Resources */ = {
			isa = PBXResourcesBuildPhase;
			buildActionMask = 2147483647;
			files = (
				42E20AB6275A084E00837FF1 /* Preview Assets.xcassets in Resources */,
				42E20AB3275A084E00837FF1 /* Assets.xcassets in Resources */,
			);
			runOnlyForDeploymentPostprocessing = 0;
		};
/* End PBXResourcesBuildPhase section */

/* Begin PBXSourcesBuildPhase section */
		42E20AA7275A084E00837FF1 /* Sources */ = {
			isa = PBXSourcesBuildPhase;
			buildActionMask = 2147483647;
			files = (
				42EDBBD3275B5EB700E9E526 /* RatingView.swift in Sources */,
				42E20AB1275A084E00837FF1 /* ContentView.swift in Sources */,
				42C4EFB9275CDB7D002F6233 /* Book+CoreDataProperties.swift in Sources */,
				42C4EFB8275CDB7D002F6233 /* Book+CoreDataClass.swift in Sources */,
				42EDBBCF275B3A4D00E9E526 /* DetailView.swift in Sources */,
				42E20AC0275A34EA00837FF1 /* DataController.swift in Sources */,
				42E20AAF275A084E00837FF1 /* MyBookListApp.swift in Sources */,
				42E20ABE275A343200837FF1 /* BookList.xcdatamodeld in Sources */,
				42EDBBCD275B16AA00E9E526 /* AddBookView.swift in Sources */,
			);
			runOnlyForDeploymentPostprocessing = 0;
		};
/* End PBXSourcesBuildPhase section */

/* Begin XCBuildConfiguration section */
		42E20AB7275A084E00837FF1 /* Debug */ = {
			isa = XCBuildConfiguration;
			buildSettings = {
				ALWAYS_SEARCH_USER_PATHS = NO;
				CLANG_ANALYZER_NONNULL = YES;
				CLANG_ANALYZER_NUMBER_OBJECT_CONVERSION = YES_AGGRESSIVE;
				CLANG_CXX_LANGUAGE_STANDARD = "gnu++17";
				CLANG_CXX_LIBRARY = "libc++";
				CLANG_ENABLE_MODULES = YES;
				CLANG_ENABLE_OBJC_ARC = YES;
				CLANG_ENABLE_OBJC_WEAK = YES;
				CLANG_WARN_BLOCK_CAPTURE_AUTORELEASING = YES;
				CLANG_WARN_BOOL_CONVERSION = YES;
				CLANG_WARN_COMMA = YES;
				CLANG_WARN_CONSTANT_CONVERSION = YES;
				CLANG_WARN_DEPRECATED_OBJC_IMPLEMENTATIONS = YES;
				CLANG_WARN_DIRECT_OBJC_ISA_USAGE = YES_ERROR;
				CLANG_WARN_DOCUMENTATION_COMMENTS = YES;
				CLANG_WARN_EMPTY_BODY = YES;
				CLANG_WARN_ENUM_CONVERSION = YES;
				CLANG_WARN_INFINITE_RECURSION = YES;
				CLANG_WARN_INT_CONVERSION = YES;
				CLANG_WARN_NON_LITERAL_NULL_CONVERSION = YES;
				CLANG_WARN_OBJC_IMPLICIT_RETAIN_SELF = YES;
				CLANG_WARN_OBJC_LITERAL_CONVERSION = YES;
				CLANG_WARN_OBJC_ROOT_CLASS = YES_ERROR;
				CLANG_WARN_QUOTED_INCLUDE_IN_FRAMEWORK_HEADER = YES;
				CLANG_WARN_RANGE_LOOP_ANALYSIS = YES;
				CLANG_WARN_STRICT_PROTOTYPES = YES;
				CLANG_WARN_SUSPICIOUS_MOVE = YES;
				CLANG_WARN_UNGUARDED_AVAILABILITY = YES_AGGRESSIVE;
				CLANG_WARN_UNREACHABLE_CODE = YES;
				CLANG_WARN__DUPLICATE_METHOD_MATCH = YES;
				COPY_PHASE_STRIP = NO;
				DEBUG_INFORMATION_FORMAT = dwarf;
				ENABLE_STRICT_OBJC_MSGSEND = YES;
				ENABLE_TESTABILITY = YES;
				GCC_C_LANGUAGE_STANDARD = gnu11;
				GCC_DYNAMIC_NO_PIC = NO;
				GCC_NO_COMMON_BLOCKS = YES;
				GCC_OPTIMIZATION_LEVEL = 0;
				GCC_PREPROCESSOR_DEFINITIONS = (
					"DEBUG=1",
					"$(inherited)",
				);
				GCC_WARN_64_TO_32_BIT_CONVERSION = YES;
				GCC_WARN_ABOUT_RETURN_TYPE = YES_ERROR;
				GCC_WARN_UNDECLARED_SELECTOR = YES;
				GCC_WARN_UNINITIALIZED_AUTOS = YES_AGGRESSIVE;
				GCC_WARN_UNUSED_FUNCTION = YES;
				GCC_WARN_UNUSED_VARIABLE = YES;
				IPHONEOS_DEPLOYMENT_TARGET = 15.0;
				MTL_ENABLE_DEBUG_INFO = INCLUDE_SOURCE;
				MTL_FAST_MATH = YES;
				ONLY_ACTIVE_ARCH = YES;
				SDKROOT = iphoneos;
				SWIFT_ACTIVE_COMPILATION_CONDITIONS = DEBUG;
				SWIFT_OPTIMIZATION_LEVEL = "-Onone";
			};
			name = Debug;
		};
		42E20AB8275A084E00837FF1 /* Release */ = {
			isa = XCBuildConfiguration;
			buildSettings = {
				ALWAYS_SEARCH_USER_PATHS = NO;
				CLANG_ANALYZER_NONNULL = YES;
				CLANG_ANALYZER_NUMBER_OBJECT_CONVERSION = YES_AGGRESSIVE;
				CLANG_CXX_LANGUAGE_STANDARD = "gnu++17";
				CLANG_CXX_LIBRARY = "libc++";
				CLANG_ENABLE_MODULES = YES;
				CLANG_ENABLE_OBJC_ARC = YES;
				CLANG_ENABLE_OBJC_WEAK = YES;
				CLANG_WARN_BLOCK_CAPTURE_AUTORELEASING = YES;
				CLANG_WARN_BOOL_CONVERSION = YES;
				CLANG_WARN_COMMA = YES;
				CLANG_WARN_CONSTANT_CONVERSION = YES;
				CLANG_WARN_DEPRECATED_OBJC_IMPLEMENTATIONS = YES;
				CLANG_WARN_DIRECT_OBJC_ISA_USAGE = YES_ERROR;
				CLANG_WARN_DOCUMENTATION_COMMENTS = YES;
				CLANG_WARN_EMPTY_BODY = YES;
				CLANG_WARN_ENUM_CONVERSION = YES;
				CLANG_WARN_INFINITE_RECURSION = YES;
				CLANG_WARN_INT_CONVERSION = YES;
				CLANG_WARN_NON_LITERAL_NULL_CONVERSION = YES;
				CLANG_WARN_OBJC_IMPLICIT_RETAIN_SELF = YES;
				CLANG_WARN_OBJC_LITERAL_CONVERSION = YES;
				CLANG_WARN_OBJC_ROOT_CLASS = YES_ERROR;
				CLANG_WARN_QUOTED_INCLUDE_IN_FRAMEWORK_HEADER = YES;
				CLANG_WARN_RANGE_LOOP_ANALYSIS = YES;
				CLANG_WARN_STRICT_PROTOTYPES = YES;
				CLANG_WARN_SUSPICIOUS_MOVE = YES;
				CLANG_WARN_UNGUARDED_AVAILABILITY = YES_AGGRESSIVE;
				CLANG_WARN_UNREACHABLE_CODE = YES;
				CLANG_WARN__DUPLICATE_METHOD_MATCH = YES;
				COPY_PHASE_STRIP = NO;
				DEBUG_INFORMATION_FORMAT = "dwarf-with-dsym";
				ENABLE_NS_ASSERTIONS = NO;
				ENABLE_STRICT_OBJC_MSGSEND = YES;
				GCC_C_LANGUAGE_STANDARD = gnu11;
				GCC_NO_COMMON_BLOCKS = YES;
				GCC_WARN_64_TO_32_BIT_CONVERSION = YES;
				GCC_WARN_ABOUT_RETURN_TYPE = YES_ERROR;
				GCC_WARN_UNDECLARED_SELECTOR = YES;
				GCC_WARN_UNINITIALIZED_AUTOS = YES_AGGRESSIVE;
				GCC_WARN_UNUSED_FUNCTION = YES;
				GCC_WARN_UNUSED_VARIABLE = YES;
				IPHONEOS_DEPLOYMENT_TARGET = 15.0;
				MTL_ENABLE_DEBUG_INFO = NO;
				MTL_FAST_MATH = YES;
				SDKROOT = iphoneos;
				SWIFT_COMPILATION_MODE = wholemodule;
				SWIFT_OPTIMIZATION_LEVEL = "-O";
				VALIDATE_PRODUCT = YES;
			};
			name = Release;
		};
		42E20ABA275A084E00837FF1 /* Debug */ = {
			isa = XCBuildConfiguration;
			buildSettings = {
				ASSETCATALOG_COMPILER_APPICON_NAME = AppIcon;
				ASSETCATALOG_COMPILER_GLOBAL_ACCENT_COLOR_NAME = AccentColor;
				CODE_SIGN_STYLE = Automatic;
				CURRENT_PROJECT_VERSION = 1;
				DEVELOPMENT_ASSET_PATHS = "\"MyBookList/Preview Content\"";
				DEVELOPMENT_TEAM = XLS842JFZV;
				ENABLE_PREVIEWS = YES;
				GENERATE_INFOPLIST_FILE = YES;
				INFOPLIST_KEY_UIApplicationSceneManifest_Generation = YES;
				INFOPLIST_KEY_UIApplicationSupportsIndirectInputEvents = YES;
				INFOPLIST_KEY_UILaunchScreen_Generation = YES;
				INFOPLIST_KEY_UISupportedInterfaceOrientations_iPad = "UIInterfaceOrientationPortrait UIInterfaceOrientationPortraitUpsideDown UIInterfaceOrientationLandscapeLeft UIInterfaceOrientationLandscapeRight";
				INFOPLIST_KEY_UISupportedInterfaceOrientations_iPhone = "UIInterfaceOrientationPortrait UIInterfaceOrientationLandscapeLeft UIInterfaceOrientationLandscapeRight";
				LD_RUNPATH_SEARCH_PATHS = (
					"$(inherited)",
					"@executable_path/Frameworks",
				);
				MARKETING_VERSION = 1.0;
				PRODUCT_BUNDLE_IDENTIFIER = "Mr.-Beast.MyBookList";
				PRODUCT_NAME = "$(TARGET_NAME)";
				SWIFT_EMIT_LOC_STRINGS = YES;
				SWIFT_VERSION = 5.0;
				TARGETED_DEVICE_FAMILY = "1,2";
			};
			name = Debug;
		};
		42E20ABB275A084E00837FF1 /* Release */ = {
			isa = XCBuildConfiguration;
			buildSettings = {
				ASSETCATALOG_COMPILER_APPICON_NAME = AppIcon;
				ASSETCATALOG_COMPILER_GLOBAL_ACCENT_COLOR_NAME = AccentColor;
				CODE_SIGN_STYLE = Automatic;
				CURRENT_PROJECT_VERSION = 1;
				DEVELOPMENT_ASSET_PATHS = "\"MyBookList/Preview Content\"";
				DEVELOPMENT_TEAM = XLS842JFZV;
				ENABLE_PREVIEWS = YES;
				GENERATE_INFOPLIST_FILE = YES;
				INFOPLIST_KEY_UIApplicationSceneManifest_Generation = YES;
				INFOPLIST_KEY_UIApplicationSupportsIndirectInputEvents = YES;
				INFOPLIST_KEY_UILaunchScreen_Generation = YES;
				INFOPLIST_KEY_UISupportedInterfaceOrientations_iPad = "UIInterfaceOrientationPortrait UIInterfaceOrientationPortraitUpsideDown UIInterfaceOrientationLandscapeLeft UIInterfaceOrientationLandscapeRight";
				INFOPLIST_KEY_UISupportedInterfaceOrientations_iPhone = "UIInterfaceOrientationPortrait UIInterfaceOrientationLandscapeLeft UIInterfaceOrientationLandscapeRight";
				LD_RUNPATH_SEARCH_PATHS = (
					"$(inherited)",
					"@executable_path/Frameworks",
				);
				MARKETING_VERSION = 1.0;
				PRODUCT_BUNDLE_IDENTIFIER = "Mr.-Beast.MyBookList";
				PRODUCT_NAME = "$(TARGET_NAME)";
				SWIFT_EMIT_LOC_STRINGS = YES;
				SWIFT_VERSION = 5.0;
				TARGETED_DEVICE_FAMILY = "1,2";
			};
			name = Release;
		};
/* End XCBuildConfiguration section */

/* Begin XCConfigurationList section */
		42E20AA6275A084E00837FF1 /* Build configuration list for PBXProject "MyBookList" */ = {
			isa = XCConfigurationList;
			buildConfigurations = (
				42E20AB7275A084E00837FF1 /* Debug */,
				42E20AB8275A084E00837FF1 /* Release */,
			);
			defaultConfigurationIsVisible = 0;
			defaultConfigurationName = Release;
		};
		42E20AB9275A084E00837FF1 /* Build configuration list for PBXNativeTarget "MyBookList" */ = {
			isa = XCConfigurationList;
			buildConfigurations = (
				42E20ABA275A084E00837FF1 /* Debug */,
				42E20ABB275A084E00837FF1 /* Release */,
			);
			defaultConfigurationIsVisible = 0;
			defaultConfigurationName = Release;
		};
/* End XCConfigurationList section */

/* Begin XCVersionGroup section */
		42E20ABC275A343200837FF1 /* BookList.xcdatamodeld */ = {
			isa = XCVersionGroup;
			children = (
				42E20ABD275A343200837FF1 /* BookList.xcdatamodel */,
			);
			currentVersion = 42E20ABD275A343200837FF1 /* BookList.xcdatamodel */;
			path = BookList.xcdatamodeld;
			sourceTree = "<group>";
			versionGroupType = wrapper.xcdatamodel;
		};
/* End XCVersionGroup section */
	};
	rootObject = 42E20AA3275A084E00837FF1 /* Project object */;
}
